
Microsoft Visual Studio Solution File, Format Version 12.00
# Visual Studio 15
VisualStudioVersion = 15.0.27130.2036
MinimumVisualStudioVersion = 10.0.40219.1
Project("{FAE04EC0-301F-11D3-BF4B-00C04F79EFBC}") = "Grupparbete", "Grupparbete\Grupparbete.csproj", "{62CF0B9D-8CFC-4A79-9FF7-EA5E585EF375}"
EndProject
Global
	GlobalSection(SolutionConfigurationPlatforms) = preSolution
		Debug|Any CPU = Debug|Any CPU
		Release|Any CPU = Release|Any CPU
	EndGlobalSection
	GlobalSection(ProjectConfigurationPlatforms) = postSolution
		{62CF0B9D-8CFC-4A79-9FF7-EA5E585EF375}.Debug|Any CPU.ActiveCfg = Debug|Any CPU
		{62CF0B9D-8CFC-4A79-9FF7-EA5E585EF375}.Debug|Any CPU.Build.0 = Debug|Any CPU
		{62CF0B9D-8CFC-4A79-9FF7-EA5E585EF375}.Release|Any CPU.ActiveCfg = Release|Any CPU
		{62CF0B9D-8CFC-4A79-9FF7-EA5E585EF375}.Release|Any CPU.Build.0 = Release|Any CPU
	EndGlobalSection
	GlobalSection(SolutionProperties) = preSolution
		HideSolutionNode = FALSE
	EndGlobalSection
	GlobalSection(ExtensibilityGlobals) = postSolution
		SolutionGuid = {D384BA6F-98E0-4F0A-A178-8B993587CA7C}
	EndGlobalSection
EndGlobal
